
Microsoft Visual Studio Solution File, Format Version 12.00
# Visual Studio Version 16
VisualStudioVersion = 16.0.30523.141
MinimumVisualStudioVersion = 10.0.40219.1
Project("{FAE04EC0-301F-11D3-BF4B-00C04F79EFBC}") = "UniversityMngmt", "UniversityMngmt\UniversityMngmt.csproj", "{652BD23F-7EBE-4B55-967E-46B4D19071E8}"
EndProject
Global
	GlobalSection(SolutionConfigurationPlatforms) = preSolution
		Debug|Any CPU = Debug|Any CPU
		Release|Any CPU = Release|Any CPU
	EndGlobalSection
	GlobalSection(ProjectConfigurationPlatforms) = postSolution
		{652BD23F-7EBE-4B55-967E-46B4D19071E8}.Debug|Any CPU.ActiveCfg = Debug|Any CPU
		{652BD23F-7EBE-4B55-967E-46B4D19071E8}.Debug|Any CPU.Build.0 = Debug|Any CPU
		{652BD23F-7EBE-4B55-967E-46B4D19071E8}.Release|Any CPU.ActiveCfg = Release|Any CPU
		{652BD23F-7EBE-4B55-967E-46B4D19071E8}.Release|Any CPU.Build.0 = Release|Any CPU
	EndGlobalSection
	GlobalSection(SolutionProperties) = preSolution
		HideSolutionNode = FALSE
	EndGlobalSection
	GlobalSection(ExtensibilityGlobals) = postSolution
		SolutionGuid = {A5F2BCEA-4B7B-4AD8-A50A-EC4134A89C65}
	EndGlobalSection
EndGlobal
